// !$*UTF8*$!
{
	archiveVersion = 1;
	classes = {
	};
	objectVersion = 51;
	objects = {

/* Begin PBXBuildFile section */
		24E353CD60151F33C2CFF97E /* Pods_GithubMVVMFlux.framework in Frameworks */ = {isa = PBXBuildFile; fileRef = F8E5696FD786588640123A97 /* Pods_GithubMVVMFlux.framework */; };
		2D5DFF8BB5D0E79FB96DD367 /* Pods_GithubMVVMFluxTests.framework in Frameworks */ = {isa = PBXBuildFile; fileRef = 83AB967E7C8EAEA5A9D10CE9 /* Pods_GithubMVVMFluxTests.framework */; };
		B902D8EBC89EA5155A535C4E /* Pods_GithubMVVMFlux_GithubMVVMFluxUITests.framework in Frameworks */ = {isa = PBXBuildFile; fileRef = 64DE57131FD4DB17E01E486C /* Pods_GithubMVVMFlux_GithubMVVMFluxUITests.framework */; };
		DF86EB35236CE99200F11537 /* TrendViewModel.swift in Sources */ = {isa = PBXBuildFile; fileRef = DF86EB34236CE99200F11537 /* TrendViewModel.swift */; };
		DF86EB37236CE9A800F11537 /* TrendAction.swift in Sources */ = {isa = PBXBuildFile; fileRef = DF86EB36236CE9A800F11537 /* TrendAction.swift */; };
		DF86EB39236CE9B500F11537 /* TrendActionCreator.swift in Sources */ = {isa = PBXBuildFile; fileRef = DF86EB38236CE9B500F11537 /* TrendActionCreator.swift */; };
		DF86EB3B236CE9C500F11537 /* TrendStore.swift in Sources */ = {isa = PBXBuildFile; fileRef = DF86EB3A236CE9C500F11537 /* TrendStore.swift */; };
		DF86EB3E236CF55600F11537 /* TrendTableViewCell.swift in Sources */ = {isa = PBXBuildFile; fileRef = DF86EB3C236CF55600F11537 /* TrendTableViewCell.swift */; };
		DF86EB3F236CF55600F11537 /* TrendTableViewCell.xib in Resources */ = {isa = PBXBuildFile; fileRef = DF86EB3D236CF55600F11537 /* TrendTableViewCell.xib */; };
		DF86EB41236CF89400F11537 /* UITableView+Register.swift in Sources */ = {isa = PBXBuildFile; fileRef = DF86EB40236CF89400F11537 /* UITableView+Register.swift */; };
		DF86EB43236CF8A200F11537 /* UICollectionView+Register.swift in Sources */ = {isa = PBXBuildFile; fileRef = DF86EB42236CF8A200F11537 /* UICollectionView+Register.swift */; };
		DF86EB45236CF8AE00F11537 /* String+URL.swift in Sources */ = {isa = PBXBuildFile; fileRef = DF86EB44236CF8AE00F11537 /* String+URL.swift */; };
		DF86EB47236CF8C800F11537 /* NSObject+ClassName.swift in Sources */ = {isa = PBXBuildFile; fileRef = DF86EB46236CF8C800F11537 /* NSObject+ClassName.swift */; };
		DFAA8DAE2376E5B7004264E1 /* UIColor.swift in Sources */ = {isa = PBXBuildFile; fileRef = DFAA8DAD2376E5B7004264E1 /* UIColor.swift */; };
		DFC50A6B2365F002000F7640 /* Main.storyboard in Resources */ = {isa = PBXBuildFile; fileRef = DFC50A692365F001000F7640 /* Main.storyboard */; };
		DFC50A6D2367098D000F7640 /* User.swift in Sources */ = {isa = PBXBuildFile; fileRef = DFC50A6C2367098D000F7640 /* User.swift */; };
		DFC50A7223670F53000F7640 /* LoginViewModel.swift in Sources */ = {isa = PBXBuildFile; fileRef = DFC50A7123670F53000F7640 /* LoginViewModel.swift */; };
		DFC50A7523670FDE000F7640 /* CheckAuthViewModel.swift in Sources */ = {isa = PBXBuildFile; fileRef = DFC50A7423670FDE000F7640 /* CheckAuthViewModel.swift */; };
		DFC50A78236710A6000F7640 /* CheckAuthAction.swift in Sources */ = {isa = PBXBuildFile; fileRef = DFC50A77236710A6000F7640 /* CheckAuthAction.swift */; };
		DFC50A7A23671121000F7640 /* CheckAuthActionCreator.swift in Sources */ = {isa = PBXBuildFile; fileRef = DFC50A7923671121000F7640 /* CheckAuthActionCreator.swift */; };
		DFC50A7E236728EA000F7640 /* CheckAuthStore.swift in Sources */ = {isa = PBXBuildFile; fileRef = DFC50A7D236728EA000F7640 /* CheckAuthStore.swift */; };
		DFC50A8123672A86000F7640 /* ObservableType.filterNil.swift in Sources */ = {isa = PBXBuildFile; fileRef = DFC50A8023672A86000F7640 /* ObservableType.filterNil.swift */; };
		DFC50A8323673380000F7640 /* LoginViewController.swift in Sources */ = {isa = PBXBuildFile; fileRef = DFC50A8223673380000F7640 /* LoginViewController.swift */; };
		DFC50A8823673647000F7640 /* TabBarController.swift in Sources */ = {isa = PBXBuildFile; fileRef = DFC50A8723673647000F7640 /* TabBarController.swift */; };
		DFC50A8B23673796000F7640 /* RepositoryViewController.swift in Sources */ = {isa = PBXBuildFile; fileRef = DFC50A8A23673796000F7640 /* RepositoryViewController.swift */; };
		DFC50A8E23673E19000F7640 /* FavorateViewController.swift in Sources */ = {isa = PBXBuildFile; fileRef = DFC50A8D23673E19000F7640 /* FavorateViewController.swift */; };
		DFC50A9023673E99000F7640 /* Repository.storyboard in Resources */ = {isa = PBXBuildFile; fileRef = DFC50A8F23673E99000F7640 /* Repository.storyboard */; };
		DFC50A9323687A01000F7640 /* Search.storyboard in Resources */ = {isa = PBXBuildFile; fileRef = DFC50A9223687A01000F7640 /* Search.storyboard */; };
		DFC50A9523687A12000F7640 /* SearchViewController.swift in Sources */ = {isa = PBXBuildFile; fileRef = DFC50A9423687A12000F7640 /* SearchViewController.swift */; };
		DFC50A9823687A4C000F7640 /* TrendViewController.swift in Sources */ = {isa = PBXBuildFile; fileRef = DFC50A9723687A4C000F7640 /* TrendViewController.swift */; };
		DFC50A9A23687A59000F7640 /* Trend.storyboard in Resources */ = {isa = PBXBuildFile; fileRef = DFC50A9923687A59000F7640 /* Trend.storyboard */; };
		DFC50A9D23687F3A000F7640 /* RepositoryFavoratePageViewController.swift in Sources */ = {isa = PBXBuildFile; fileRef = DFC50A9C23687F3A000F7640 /* RepositoryFavoratePageViewController.swift */; };
		DFC50AA3236C9AC5000F7640 /* GithubTrendingAPIRequest.swift in Sources */ = {isa = PBXBuildFile; fileRef = DFC50AA2236C9AC5000F7640 /* GithubTrendingAPIRequest.swift */; };
		DFC50AA5236C9B13000F7640 /* FetchTrendRepositoreis.swift in Sources */ = {isa = PBXBuildFile; fileRef = DFC50AA4236C9B13000F7640 /* FetchTrendRepositoreis.swift */; };
		DFC50AA7236C9BD6000F7640 /* TrendRepository.swift in Sources */ = {isa = PBXBuildFile; fileRef = DFC50AA6236C9BD6000F7640 /* TrendRepository.swift */; };
		DFC9E9E4235D505000F9EEDA /* AppDelegate.swift in Sources */ = {isa = PBXBuildFile; fileRef = DFC9E9E3235D505000F9EEDA /* AppDelegate.swift */; };
		DFC9E9E6235D505000F9EEDA /* SceneDelegate.swift in Sources */ = {isa = PBXBuildFile; fileRef = DFC9E9E5235D505000F9EEDA /* SceneDelegate.swift */; };
		DFC9E9E8235D505000F9EEDA /* ViewController.swift in Sources */ = {isa = PBXBuildFile; fileRef = DFC9E9E7235D505000F9EEDA /* ViewController.swift */; };
		DFC9E9F0235D505100F9EEDA /* LaunchScreen.storyboard in Resources */ = {isa = PBXBuildFile; fileRef = DFC9E9EE235D505100F9EEDA /* LaunchScreen.storyboard */; };
		DFC9E9FB235D505100F9EEDA /* GithubMVVMFluxTests.swift in Sources */ = {isa = PBXBuildFile; fileRef = DFC9E9FA235D505100F9EEDA /* GithubMVVMFluxTests.swift */; };
		DFC9EA06235D505100F9EEDA /* GithubMVVMFluxUITests.swift in Sources */ = {isa = PBXBuildFile; fileRef = DFC9EA05235D505100F9EEDA /* GithubMVVMFluxUITests.swift */; };
		DFC9EA19235DFADB00F9EEDA /* colors.xml in Resources */ = {isa = PBXBuildFile; fileRef = DFC9EA17235DFADB00F9EEDA /* colors.xml */; };
		DFC9EA1C235DFAE600F9EEDA /* StringsGen.swift in Sources */ = {isa = PBXBuildFile; fileRef = DFC9EA1B235DFAE600F9EEDA /* StringsGen.swift */; };
		DFC9EA1F235DFBEB00F9EEDA /* Localizable.strings in Resources */ = {isa = PBXBuildFile; fileRef = DFC9EA1E235DFBEB00F9EEDA /* Localizable.strings */; };
		DFC9EA21235DFC4000F9EEDA /* Colors.swift in Sources */ = {isa = PBXBuildFile; fileRef = DFC9EA20235DFC4000F9EEDA /* Colors.swift */; };
		DFC9EA24235E03D900F9EEDA /* Assets.xcassets in Resources */ = {isa = PBXBuildFile; fileRef = DFC9EA23235E03D900F9EEDA /* Assets.xcassets */; };
		DFC9EA26235E04B600F9EEDA /* AssetsImages.swift in Sources */ = {isa = PBXBuildFile; fileRef = DFC9EA25235E04B600F9EEDA /* AssetsImages.swift */; };
		DFC9EA2E2361735E00F9EEDA /* Dispatcher.swift in Sources */ = {isa = PBXBuildFile; fileRef = DFC9EA2A2361735E00F9EEDA /* Dispatcher.swift */; };
		DFC9EA33236173C600F9EEDA /* DecodableDataParser.swift in Sources */ = {isa = PBXBuildFile; fileRef = DFC9EA32236173C600F9EEDA /* DecodableDataParser.swift */; };
		DFC9EA35236173F500F9EEDA /* GitHubAPIRequest.swift in Sources */ = {isa = PBXBuildFile; fileRef = DFC9EA34236173F500F9EEDA /* GitHubAPIRequest.swift */; };
		DFC9EA37236174CE00F9EEDA /* FetchRepositoryRequest.swift in Sources */ = {isa = PBXBuildFile; fileRef = DFC9EA36236174CE00F9EEDA /* FetchRepositoryRequest.swift */; };
		DFC9EA392361755E00F9EEDA /* Session.swift in Sources */ = {isa = PBXBuildFile; fileRef = DFC9EA382361755E00F9EEDA /* Session.swift */; };
		DFC9EA3C2361757900F9EEDA /* Repository.swift in Sources */ = {isa = PBXBuildFile; fileRef = DFC9EA3B2361757900F9EEDA /* Repository.swift */; };
		DFC9EA3E236175F500F9EEDA /* TestViewModel.swift in Sources */ = {isa = PBXBuildFile; fileRef = DFC9EA3D236175F500F9EEDA /* TestViewModel.swift */; };
		DFC9EA432361784600F9EEDA /* TestActionCreator.swift in Sources */ = {isa = PBXBuildFile; fileRef = DFC9EA422361784600F9EEDA /* TestActionCreator.swift */; };
		DFC9EA45236178F800F9EEDA /* TestStore.swift in Sources */ = {isa = PBXBuildFile; fileRef = DFC9EA44236178F800F9EEDA /* TestStore.swift */; };
		DFC9EA4723647CCC00F9EEDA /* Action.swift in Sources */ = {isa = PBXBuildFile; fileRef = DFC9EA4623647CCC00F9EEDA /* Action.swift */; };
		DFC9EA4923647E4300F9EEDA /* TestAction.swift in Sources */ = {isa = PBXBuildFile; fileRef = DFC9EA4823647E4300F9EEDA /* TestAction.swift */; };
		DFC9EA4D2364867E00F9EEDA /* TestViewFluxTest.swift in Sources */ = {isa = PBXBuildFile; fileRef = DFC9EA4C2364867E00F9EEDA /* TestViewFluxTest.swift */; };
		DFC9EA4F236579D400F9EEDA /* GoogleService-Info.plist in Resources */ = {isa = PBXBuildFile; fileRef = DFC9EA4E236579D400F9EEDA /* GoogleService-Info.plist */; };
		DFC9EA512365E4CC00F9EEDA /* Favorate.storyboard in Resources */ = {isa = PBXBuildFile; fileRef = DFC9EA502365E4CC00F9EEDA /* Favorate.storyboard */; };
/* End PBXBuildFile section */

/* Begin PBXContainerItemProxy section */
		DFC9E9F7235D505100F9EEDA /* PBXContainerItemProxy */ = {
			isa = PBXContainerItemProxy;
			containerPortal = DFC9E9D8235D505000F9EEDA /* Project object */;
			proxyType = 1;
			remoteGlobalIDString = DFC9E9DF235D505000F9EEDA;
			remoteInfo = GithubMVVMFlux;
		};
		DFC9EA02235D505100F9EEDA /* PBXContainerItemProxy */ = {
			isa = PBXContainerItemProxy;
			containerPortal = DFC9E9D8235D505000F9EEDA /* Project object */;
			proxyType = 1;
			remoteGlobalIDString = DFC9E9DF235D505000F9EEDA;
			remoteInfo = GithubMVVMFlux;
		};
/* End PBXContainerItemProxy section */

/* Begin PBXFileReference section */
		15E3DA4E14F8CD89423CC611 /* Pods-GithubMVVMFluxTests.debug.xcconfig */ = {isa = PBXFileReference; includeInIndex = 1; lastKnownFileType = text.xcconfig; name = "Pods-GithubMVVMFluxTests.debug.xcconfig"; path = "Target Support Files/Pods-GithubMVVMFluxTests/Pods-GithubMVVMFluxTests.debug.xcconfig"; sourceTree = "<group>"; };
		2F26BFA88728EE323EA1161C /* Pods-GithubMVVMFlux-GithubMVVMFluxUITests.debug.xcconfig */ = {isa = PBXFileReference; includeInIndex = 1; lastKnownFileType = text.xcconfig; name = "Pods-GithubMVVMFlux-GithubMVVMFluxUITests.debug.xcconfig"; path = "Target Support Files/Pods-GithubMVVMFlux-GithubMVVMFluxUITests/Pods-GithubMVVMFlux-GithubMVVMFluxUITests.debug.xcconfig"; sourceTree = "<group>"; };
		3C6F55697FAA1B7356A6530E /* Pods-GithubMVVMFlux-GithubMVVMFluxUITests.release.xcconfig */ = {isa = PBXFileReference; includeInIndex = 1; lastKnownFileType = text.xcconfig; name = "Pods-GithubMVVMFlux-GithubMVVMFluxUITests.release.xcconfig"; path = "Target Support Files/Pods-GithubMVVMFlux-GithubMVVMFluxUITests/Pods-GithubMVVMFlux-GithubMVVMFluxUITests.release.xcconfig"; sourceTree = "<group>"; };
		3EE3900F9224E3BF46E88334 /* Pods-GithubMVVMFluxTests.release.xcconfig */ = {isa = PBXFileReference; includeInIndex = 1; lastKnownFileType = text.xcconfig; name = "Pods-GithubMVVMFluxTests.release.xcconfig"; path = "Target Support Files/Pods-GithubMVVMFluxTests/Pods-GithubMVVMFluxTests.release.xcconfig"; sourceTree = "<group>"; };
		59CEB2D12EECC04956ADECD3 /* Pods-GithubMVVMFlux.debug.xcconfig */ = {isa = PBXFileReference; includeInIndex = 1; lastKnownFileType = text.xcconfig; name = "Pods-GithubMVVMFlux.debug.xcconfig"; path = "Target Support Files/Pods-GithubMVVMFlux/Pods-GithubMVVMFlux.debug.xcconfig"; sourceTree = "<group>"; };
		6075E568E7F8407DFDA1E14B /* Pods-GithubMVVMFlux.release.xcconfig */ = {isa = PBXFileReference; includeInIndex = 1; lastKnownFileType = text.xcconfig; name = "Pods-GithubMVVMFlux.release.xcconfig"; path = "Target Support Files/Pods-GithubMVVMFlux/Pods-GithubMVVMFlux.release.xcconfig"; sourceTree = "<group>"; };
		64DE57131FD4DB17E01E486C /* Pods_GithubMVVMFlux_GithubMVVMFluxUITests.framework */ = {isa = PBXFileReference; explicitFileType = wrapper.framework; includeInIndex = 0; path = Pods_GithubMVVMFlux_GithubMVVMFluxUITests.framework; sourceTree = BUILT_PRODUCTS_DIR; };
		83AB967E7C8EAEA5A9D10CE9 /* Pods_GithubMVVMFluxTests.framework */ = {isa = PBXFileReference; explicitFileType = wrapper.framework; includeInIndex = 0; path = Pods_GithubMVVMFluxTests.framework; sourceTree = BUILT_PRODUCTS_DIR; };
		DF86EB34236CE99200F11537 /* TrendViewModel.swift */ = {isa = PBXFileReference; lastKnownFileType = sourcecode.swift; path = TrendViewModel.swift; sourceTree = "<group>"; };
		DF86EB36236CE9A800F11537 /* TrendAction.swift */ = {isa = PBXFileReference; lastKnownFileType = sourcecode.swift; path = TrendAction.swift; sourceTree = "<group>"; };
		DF86EB38236CE9B500F11537 /* TrendActionCreator.swift */ = {isa = PBXFileReference; lastKnownFileType = sourcecode.swift; path = TrendActionCreator.swift; sourceTree = "<group>"; };
		DF86EB3A236CE9C500F11537 /* TrendStore.swift */ = {isa = PBXFileReference; lastKnownFileType = sourcecode.swift; path = TrendStore.swift; sourceTree = "<group>"; };
		DF86EB3C236CF55600F11537 /* TrendTableViewCell.swift */ = {isa = PBXFileReference; lastKnownFileType = sourcecode.swift; path = TrendTableViewCell.swift; sourceTree = "<group>"; };
		DF86EB3D236CF55600F11537 /* TrendTableViewCell.xib */ = {isa = PBXFileReference; lastKnownFileType = file.xib; path = TrendTableViewCell.xib; sourceTree = "<group>"; };
		DF86EB40236CF89400F11537 /* UITableView+Register.swift */ = {isa = PBXFileReference; fileEncoding = 4; lastKnownFileType = sourcecode.swift; path = "UITableView+Register.swift"; sourceTree = "<group>"; };
		DF86EB42236CF8A200F11537 /* UICollectionView+Register.swift */ = {isa = PBXFileReference; fileEncoding = 4; lastKnownFileType = sourcecode.swift; path = "UICollectionView+Register.swift"; sourceTree = "<group>"; };
		DF86EB44236CF8AE00F11537 /* String+URL.swift */ = {isa = PBXFileReference; fileEncoding = 4; lastKnownFileType = sourcecode.swift; path = "String+URL.swift"; sourceTree = "<group>"; };
		DF86EB46236CF8C800F11537 /* NSObject+ClassName.swift */ = {isa = PBXFileReference; fileEncoding = 4; lastKnownFileType = sourcecode.swift; path = "NSObject+ClassName.swift"; sourceTree = "<group>"; };
		DFAA8DAD2376E5B7004264E1 /* UIColor.swift */ = {isa = PBXFileReference; fileEncoding = 4; lastKnownFileType = sourcecode.swift; path = UIColor.swift; sourceTree = "<group>"; };
		DFC50A6A2365F001000F7640 /* Base */ = {isa = PBXFileReference; lastKnownFileType = file.storyboard; name = Base; path = Base.lproj/Main.storyboard; sourceTree = "<group>"; };
		DFC50A6C2367098D000F7640 /* User.swift */ = {isa = PBXFileReference; lastKnownFileType = sourcecode.swift; path = User.swift; sourceTree = "<group>"; };
		DFC50A7123670F53000F7640 /* LoginViewModel.swift */ = {isa = PBXFileReference; lastKnownFileType = sourcecode.swift; path = LoginViewModel.swift; sourceTree = "<group>"; };
		DFC50A7423670FDE000F7640 /* CheckAuthViewModel.swift */ = {isa = PBXFileReference; lastKnownFileType = sourcecode.swift; path = CheckAuthViewModel.swift; sourceTree = "<group>"; };
		DFC50A77236710A6000F7640 /* CheckAuthAction.swift */ = {isa = PBXFileReference; lastKnownFileType = sourcecode.swift; path = CheckAuthAction.swift; sourceTree = "<group>"; };
		DFC50A7923671121000F7640 /* CheckAuthActionCreator.swift */ = {isa = PBXFileReference; lastKnownFileType = sourcecode.swift; path = CheckAuthActionCreator.swift; sourceTree = "<group>"; };
		DFC50A7D236728EA000F7640 /* CheckAuthStore.swift */ = {isa = PBXFileReference; lastKnownFileType = sourcecode.swift; path = CheckAuthStore.swift; sourceTree = "<group>"; };
		DFC50A8023672A86000F7640 /* ObservableType.filterNil.swift */ = {isa = PBXFileReference; lastKnownFileType = sourcecode.swift; path = ObservableType.filterNil.swift; sourceTree = "<group>"; };
		DFC50A8223673380000F7640 /* LoginViewController.swift */ = {isa = PBXFileReference; lastKnownFileType = sourcecode.swift; path = LoginViewController.swift; sourceTree = "<group>"; };
		DFC50A8723673647000F7640 /* TabBarController.swift */ = {isa = PBXFileReference; lastKnownFileType = sourcecode.swift; path = TabBarController.swift; sourceTree = "<group>"; };
		DFC50A8A23673796000F7640 /* RepositoryViewController.swift */ = {isa = PBXFileReference; lastKnownFileType = sourcecode.swift; path = RepositoryViewController.swift; sourceTree = "<group>"; };
		DFC50A8D23673E19000F7640 /* FavorateViewController.swift */ = {isa = PBXFileReference; lastKnownFileType = sourcecode.swift; path = FavorateViewController.swift; sourceTree = "<group>"; };
		DFC50A8F23673E99000F7640 /* Repository.storyboard */ = {isa = PBXFileReference; lastKnownFileType = file.storyboard; path = Repository.storyboard; sourceTree = "<group>"; };
		DFC50A9223687A01000F7640 /* Search.storyboard */ = {isa = PBXFileReference; lastKnownFileType = file.storyboard; path = Search.storyboard; sourceTree = "<group>"; };
		DFC50A9423687A12000F7640 /* SearchViewController.swift */ = {isa = PBXFileReference; lastKnownFileType = sourcecode.swift; path = SearchViewController.swift; sourceTree = "<group>"; };
		DFC50A9723687A4C000F7640 /* TrendViewController.swift */ = {isa = PBXFileReference; lastKnownFileType = sourcecode.swift; path = TrendViewController.swift; sourceTree = "<group>"; };
		DFC50A9923687A59000F7640 /* Trend.storyboard */ = {isa = PBXFileReference; lastKnownFileType = file.storyboard; path = Trend.storyboard; sourceTree = "<group>"; };
		DFC50A9C23687F3A000F7640 /* RepositoryFavoratePageViewController.swift */ = {isa = PBXFileReference; lastKnownFileType = sourcecode.swift; path = RepositoryFavoratePageViewController.swift; sourceTree = "<group>"; };
		DFC50AA2236C9AC5000F7640 /* GithubTrendingAPIRequest.swift */ = {isa = PBXFileReference; lastKnownFileType = sourcecode.swift; path = GithubTrendingAPIRequest.swift; sourceTree = "<group>"; };
		DFC50AA4236C9B13000F7640 /* FetchTrendRepositoreis.swift */ = {isa = PBXFileReference; lastKnownFileType = sourcecode.swift; path = FetchTrendRepositoreis.swift; sourceTree = "<group>"; };
		DFC50AA6236C9BD6000F7640 /* TrendRepository.swift */ = {isa = PBXFileReference; lastKnownFileType = sourcecode.swift; path = TrendRepository.swift; sourceTree = "<group>"; };
		DFC9E9E0235D505000F9EEDA /* GithubMVVMFlux.app */ = {isa = PBXFileReference; explicitFileType = wrapper.application; includeInIndex = 0; path = GithubMVVMFlux.app; sourceTree = BUILT_PRODUCTS_DIR; };
		DFC9E9E3235D505000F9EEDA /* AppDelegate.swift */ = {isa = PBXFileReference; lastKnownFileType = sourcecode.swift; path = AppDelegate.swift; sourceTree = "<group>"; };
		DFC9E9E5235D505000F9EEDA /* SceneDelegate.swift */ = {isa = PBXFileReference; lastKnownFileType = sourcecode.swift; path = SceneDelegate.swift; sourceTree = "<group>"; };
		DFC9E9E7235D505000F9EEDA /* ViewController.swift */ = {isa = PBXFileReference; lastKnownFileType = sourcecode.swift; path = ViewController.swift; sourceTree = "<group>"; };
		DFC9E9EF235D505100F9EEDA /* Base */ = {isa = PBXFileReference; lastKnownFileType = file.storyboard; name = Base; path = Base.lproj/LaunchScreen.storyboard; sourceTree = "<group>"; };
		DFC9E9F1235D505100F9EEDA /* Info.plist */ = {isa = PBXFileReference; lastKnownFileType = text.plist.xml; path = Info.plist; sourceTree = "<group>"; };
		DFC9E9F6235D505100F9EEDA /* GithubMVVMFluxTests.xctest */ = {isa = PBXFileReference; explicitFileType = wrapper.cfbundle; includeInIndex = 0; path = GithubMVVMFluxTests.xctest; sourceTree = BUILT_PRODUCTS_DIR; };
		DFC9E9FA235D505100F9EEDA /* GithubMVVMFluxTests.swift */ = {isa = PBXFileReference; lastKnownFileType = sourcecode.swift; path = GithubMVVMFluxTests.swift; sourceTree = "<group>"; };
		DFC9E9FC235D505100F9EEDA /* Info.plist */ = {isa = PBXFileReference; lastKnownFileType = text.plist.xml; path = Info.plist; sourceTree = "<group>"; };
		DFC9EA01235D505100F9EEDA /* GithubMVVMFluxUITests.xctest */ = {isa = PBXFileReference; explicitFileType = wrapper.cfbundle; includeInIndex = 0; path = GithubMVVMFluxUITests.xctest; sourceTree = BUILT_PRODUCTS_DIR; };
		DFC9EA05235D505100F9EEDA /* GithubMVVMFluxUITests.swift */ = {isa = PBXFileReference; lastKnownFileType = sourcecode.swift; path = GithubMVVMFluxUITests.swift; sourceTree = "<group>"; };
		DFC9EA07235D505100F9EEDA /* Info.plist */ = {isa = PBXFileReference; lastKnownFileType = text.plist.xml; path = Info.plist; sourceTree = "<group>"; };
		DFC9EA17235DFADB00F9EEDA /* colors.xml */ = {isa = PBXFileReference; fileEncoding = 4; lastKnownFileType = text.xml; path = colors.xml; sourceTree = "<group>"; };
		DFC9EA1B235DFAE600F9EEDA /* StringsGen.swift */ = {isa = PBXFileReference; fileEncoding = 4; lastKnownFileType = sourcecode.swift; path = StringsGen.swift; sourceTree = "<group>"; };
		DFC9EA1E235DFBEB00F9EEDA /* Localizable.strings */ = {isa = PBXFileReference; fileEncoding = 4; lastKnownFileType = text.plist.strings; path = Localizable.strings; sourceTree = "<group>"; };
		DFC9EA20235DFC4000F9EEDA /* Colors.swift */ = {isa = PBXFileReference; fileEncoding = 4; lastKnownFileType = sourcecode.swift; path = Colors.swift; sourceTree = "<group>"; };
		DFC9EA23235E03D900F9EEDA /* Assets.xcassets */ = {isa = PBXFileReference; lastKnownFileType = folder.assetcatalog; path = Assets.xcassets; sourceTree = "<group>"; };
		DFC9EA25235E04B600F9EEDA /* AssetsImages.swift */ = {isa = PBXFileReference; fileEncoding = 4; lastKnownFileType = sourcecode.swift; path = AssetsImages.swift; sourceTree = "<group>"; };
		DFC9EA2A2361735E00F9EEDA /* Dispatcher.swift */ = {isa = PBXFileReference; fileEncoding = 4; lastKnownFileType = sourcecode.swift; path = Dispatcher.swift; sourceTree = "<group>"; };
		DFC9EA32236173C600F9EEDA /* DecodableDataParser.swift */ = {isa = PBXFileReference; fileEncoding = 4; lastKnownFileType = sourcecode.swift; path = DecodableDataParser.swift; sourceTree = "<group>"; };
		DFC9EA34236173F500F9EEDA /* GitHubAPIRequest.swift */ = {isa = PBXFileReference; lastKnownFileType = sourcecode.swift; path = GitHubAPIRequest.swift; sourceTree = "<group>"; };
		DFC9EA36236174CE00F9EEDA /* FetchRepositoryRequest.swift */ = {isa = PBXFileReference; lastKnownFileType = sourcecode.swift; path = FetchRepositoryRequest.swift; sourceTree = "<group>"; };
		DFC9EA382361755E00F9EEDA /* Session.swift */ = {isa = PBXFileReference; fileEncoding = 4; lastKnownFileType = sourcecode.swift; path = Session.swift; sourceTree = "<group>"; };
		DFC9EA3B2361757900F9EEDA /* Repository.swift */ = {isa = PBXFileReference; fileEncoding = 4; lastKnownFileType = sourcecode.swift; path = Repository.swift; sourceTree = "<group>"; };
		DFC9EA3D236175F500F9EEDA /* TestViewModel.swift */ = {isa = PBXFileReference; lastKnownFileType = sourcecode.swift; path = TestViewModel.swift; sourceTree = "<group>"; };
		DFC9EA422361784600F9EEDA /* TestActionCreator.swift */ = {isa = PBXFileReference; lastKnownFileType = sourcecode.swift; path = TestActionCreator.swift; sourceTree = "<group>"; };
		DFC9EA44236178F800F9EEDA /* TestStore.swift */ = {isa = PBXFileReference; lastKnownFileType = sourcecode.swift; path = TestStore.swift; sourceTree = "<group>"; };
		DFC9EA4623647CCC00F9EEDA /* Action.swift */ = {isa = PBXFileReference; fileEncoding = 4; lastKnownFileType = sourcecode.swift; path = Action.swift; sourceTree = "<group>"; };
		DFC9EA4823647E4300F9EEDA /* TestAction.swift */ = {isa = PBXFileReference; fileEncoding = 4; lastKnownFileType = sourcecode.swift; path = TestAction.swift; sourceTree = "<group>"; };
		DFC9EA4C2364867E00F9EEDA /* TestViewFluxTest.swift */ = {isa = PBXFileReference; lastKnownFileType = sourcecode.swift; path = TestViewFluxTest.swift; sourceTree = "<group>"; };
		DFC9EA4E236579D400F9EEDA /* GoogleService-Info.plist */ = {isa = PBXFileReference; fileEncoding = 4; lastKnownFileType = text.plist.xml; path = "GoogleService-Info.plist"; sourceTree = "<group>"; };
		DFC9EA502365E4CC00F9EEDA /* Favorate.storyboard */ = {isa = PBXFileReference; lastKnownFileType = file.storyboard; path = Favorate.storyboard; sourceTree = "<group>"; };
		F8E5696FD786588640123A97 /* Pods_GithubMVVMFlux.framework */ = {isa = PBXFileReference; explicitFileType = wrapper.framework; includeInIndex = 0; path = Pods_GithubMVVMFlux.framework; sourceTree = BUILT_PRODUCTS_DIR; };
/* End PBXFileReference section */

/* Begin PBXFrameworksBuildPhase section */
		DFC9E9DD235D505000F9EEDA /* Frameworks */ = {
			isa = PBXFrameworksBuildPhase;
			buildActionMask = 2147483647;
			files = (
				24E353CD60151F33C2CFF97E /* Pods_GithubMVVMFlux.framework in Frameworks */,
			);
			runOnlyForDeploymentPostprocessing = 0;
		};
		DFC9E9F3235D505100F9EEDA /* Frameworks */ = {
			isa = PBXFrameworksBuildPhase;
			buildActionMask = 2147483647;
			files = (
				2D5DFF8BB5D0E79FB96DD367 /* Pods_GithubMVVMFluxTests.framework in Frameworks */,
			);
			runOnlyForDeploymentPostprocessing = 0;
		};
		DFC9E9FE235D505100F9EEDA /* Frameworks */ = {
			isa = PBXFrameworksBuildPhase;
			buildActionMask = 2147483647;
			files = (
				B902D8EBC89EA5155A535C4E /* Pods_GithubMVVMFlux_GithubMVVMFluxUITests.framework in Frameworks */,
			);
			runOnlyForDeploymentPostprocessing = 0;
		};
/* End PBXFrameworksBuildPhase section */

/* Begin PBXGroup section */
		A9B17C510A189A0D86EEF511 /* Pods */ = {
			isa = PBXGroup;
			children = (
				59CEB2D12EECC04956ADECD3 /* Pods-GithubMVVMFlux.debug.xcconfig */,
				6075E568E7F8407DFDA1E14B /* Pods-GithubMVVMFlux.release.xcconfig */,
				2F26BFA88728EE323EA1161C /* Pods-GithubMVVMFlux-GithubMVVMFluxUITests.debug.xcconfig */,
				3C6F55697FAA1B7356A6530E /* Pods-GithubMVVMFlux-GithubMVVMFluxUITests.release.xcconfig */,
				15E3DA4E14F8CD89423CC611 /* Pods-GithubMVVMFluxTests.debug.xcconfig */,
				3EE3900F9224E3BF46E88334 /* Pods-GithubMVVMFluxTests.release.xcconfig */,
			);
			path = Pods;
			sourceTree = "<group>";
		};
		DF86EB33236CE96E00F11537 /* Flux */ = {
			isa = PBXGroup;
			children = (
				DF86EB36236CE9A800F11537 /* TrendAction.swift */,
				DF86EB38236CE9B500F11537 /* TrendActionCreator.swift */,
				DF86EB3A236CE9C500F11537 /* TrendStore.swift */,
			);
			path = Flux;
			sourceTree = "<group>";
		};
		DFC50A6E23670F1C000F7640 /* Login */ = {
			isa = PBXGroup;
			children = (
				DFC50A6F23670F2B000F7640 /* Flux */,
				DFC50A7123670F53000F7640 /* LoginViewModel.swift */,
				DFC50A8223673380000F7640 /* LoginViewController.swift */,
			);
			path = Login;
			sourceTree = "<group>";
		};
		DFC50A6F23670F2B000F7640 /* Flux */ = {
			isa = PBXGroup;
			children = (
			);
			path = Flux;
			sourceTree = "<group>";
		};
		DFC50A7323670FA5000F7640 /* CheckAuth */ = {
			isa = PBXGroup;
			children = (
				DFC50A762367108D000F7640 /* Flux */,
				DFC50A7423670FDE000F7640 /* CheckAuthViewModel.swift */,
			);
			path = CheckAuth;
			sourceTree = "<group>";
		};
		DFC50A762367108D000F7640 /* Flux */ = {
			isa = PBXGroup;
			children = (
				DFC50A77236710A6000F7640 /* CheckAuthAction.swift */,
				DFC50A7923671121000F7640 /* CheckAuthActionCreator.swift */,
				DFC50A7D236728EA000F7640 /* CheckAuthStore.swift */,
			);
			path = Flux;
			sourceTree = "<group>";
		};
		DFC50A7F23672A74000F7640 /* Extension */ = {
			isa = PBXGroup;
			children = (
				DFC50A8023672A86000F7640 /* ObservableType.filterNil.swift */,
				DF86EB40236CF89400F11537 /* UITableView+Register.swift */,
				DF86EB42236CF8A200F11537 /* UICollectionView+Register.swift */,
				DF86EB44236CF8AE00F11537 /* String+URL.swift */,
				DF86EB46236CF8C800F11537 /* NSObject+ClassName.swift */,
				DFAA8DAD2376E5B7004264E1 /* UIColor.swift */,
			);
			path = Extension;
			sourceTree = "<group>";
		};
		DFC50A84236735CC000F7640 /* TabBar */ = {
			isa = PBXGroup;
			children = (
				DFC50A8723673647000F7640 /* TabBarController.swift */,
			);
			path = TabBar;
			sourceTree = "<group>";
		};
		DFC50A8923673769000F7640 /* Repository */ = {
			isa = PBXGroup;
			children = (
				DFC50A8A23673796000F7640 /* RepositoryViewController.swift */,
				DFC50A8F23673E99000F7640 /* Repository.storyboard */,
			);
			path = Repository;
			sourceTree = "<group>";
		};
		DFC50A8C23673DBF000F7640 /* Favorate */ = {
			isa = PBXGroup;
			children = (
				DFC50A8D23673E19000F7640 /* FavorateViewController.swift */,
				DFC9EA502365E4CC00F9EEDA /* Favorate.storyboard */,
			);
			path = Favorate;
			sourceTree = "<group>";
		};
		DFC50A91236879E0000F7640 /* Search */ = {
			isa = PBXGroup;
			children = (
				DFC50A9423687A12000F7640 /* SearchViewController.swift */,
				DFC50A9223687A01000F7640 /* Search.storyboard */,
			);
			path = Search;
			sourceTree = "<group>";
		};
		DFC50A9623687A24000F7640 /* Trend */ = {
			isa = PBXGroup;
			children = (
				DF86EB33236CE96E00F11537 /* Flux */,
				DF86EB34236CE99200F11537 /* TrendViewModel.swift */,
				DFC50A9723687A4C000F7640 /* TrendViewController.swift */,
				DFC50A9923687A59000F7640 /* Trend.storyboard */,
				DF86EB3C236CF55600F11537 /* TrendTableViewCell.swift */,
				DF86EB3D236CF55600F11537 /* TrendTableViewCell.xib */,
			);
			path = Trend;
			sourceTree = "<group>";
		};
		DFC50A9B23687EEF000F7640 /* Repository+Favorate */ = {
			isa = PBXGroup;
			children = (
				DFC50A9C23687F3A000F7640 /* RepositoryFavoratePageViewController.swift */,
			);
			path = "Repository+Favorate";
			sourceTree = "<group>";
		};
		DFC50AA1236C9A50000F7640 /* GithubTrendingAPI */ = {
			isa = PBXGroup;
			children = (
				DFC50AA2236C9AC5000F7640 /* GithubTrendingAPIRequest.swift */,
				DFC50AA4236C9B13000F7640 /* FetchTrendRepositoreis.swift */,
			);
			path = GithubTrendingAPI;
			sourceTree = "<group>";
		};
		DFC9E9D7235D505000F9EEDA = {
			isa = PBXGroup;
			children = (
				DFC9E9E2235D505000F9EEDA /* GithubMVVMFlux */,
				DFC9E9F9235D505100F9EEDA /* GithubMVVMFluxTests */,
				DFC9EA04235D505100F9EEDA /* GithubMVVMFluxUITests */,
				DFC9E9E1235D505000F9EEDA /* Products */,
				A9B17C510A189A0D86EEF511 /* Pods */,
				F5DA8F04C30DB7AB98A33BA2 /* Frameworks */,
			);
			sourceTree = "<group>";
		};
		DFC9E9E1235D505000F9EEDA /* Products */ = {
			isa = PBXGroup;
			children = (
				DFC9E9E0235D505000F9EEDA /* GithubMVVMFlux.app */,
				DFC9E9F6235D505100F9EEDA /* GithubMVVMFluxTests.xctest */,
				DFC9EA01235D505100F9EEDA /* GithubMVVMFluxUITests.xctest */,
			);
			name = Products;
			sourceTree = "<group>";
		};
		DFC9E9E2235D505000F9EEDA /* GithubMVVMFlux */ = {
			isa = PBXGroup;
			children = (
				DFC50A7F23672A74000F7640 /* Extension */,
				DFC9EA4E236579D400F9EEDA /* GoogleService-Info.plist */,
				DFC9EA31236173AD00F9EEDA /* API */,
				DFC9EA27236172FD00F9EEDA /* Module */,
				DFC9EA1A235DFAE600F9EEDA /* Sources */,
				DFC9EA14235DFADB00F9EEDA /* Resources */,
				DFC9E9E3235D505000F9EEDA /* AppDelegate.swift */,
				DFC9E9E5235D505000F9EEDA /* SceneDelegate.swift */,
				DFC50A84236735CC000F7640 /* TabBar */,
				DFC50A9623687A24000F7640 /* Trend */,
				DFC50A91236879E0000F7640 /* Search */,
				DFC50A9B23687EEF000F7640 /* Repository+Favorate */,
				DFC50A8923673769000F7640 /* Repository */,
				DFC50A8C23673DBF000F7640 /* Favorate */,
				DFC50A7323670FA5000F7640 /* CheckAuth */,
				DFC50A6E23670F1C000F7640 /* Login */,
				DFC9EA3F2361760500F9EEDA /* Flux */,
				DFC9E9E7235D505000F9EEDA /* ViewController.swift */,
				DFC9EA3D236175F500F9EEDA /* TestViewModel.swift */,
				DFC9E9EE235D505100F9EEDA /* LaunchScreen.storyboard */,
				DFC9E9F1235D505100F9EEDA /* Info.plist */,
				DFC50A692365F001000F7640 /* Main.storyboard */,
			);
			path = GithubMVVMFlux;
			sourceTree = "<group>";
		};
		DFC9E9F9235D505100F9EEDA /* GithubMVVMFluxTests */ = {
			isa = PBXGroup;
			children = (
				DFC9E9FA235D505100F9EEDA /* GithubMVVMFluxTests.swift */,
				DFC9E9FC235D505100F9EEDA /* Info.plist */,
				DFC9EA4C2364867E00F9EEDA /* TestViewFluxTest.swift */,
			);
			path = GithubMVVMFluxTests;
			sourceTree = "<group>";
		};
		DFC9EA04235D505100F9EEDA /* GithubMVVMFluxUITests */ = {
			isa = PBXGroup;
			children = (
				DFC9EA05235D505100F9EEDA /* GithubMVVMFluxUITests.swift */,
				DFC9EA07235D505100F9EEDA /* Info.plist */,
			);
			path = GithubMVVMFluxUITests;
			sourceTree = "<group>";
		};
		DFC9EA14235DFADB00F9EEDA /* Resources */ = {
			isa = PBXGroup;
			children = (
				DFC9EA22235E03AB00F9EEDA /* Images */,
				DFC9EA1D235DFB2E00F9EEDA /* Strings */,
				DFC9EA16235DFADB00F9EEDA /* Colors */,
			);
			path = Resources;
			sourceTree = "<group>";
		};
		DFC9EA16235DFADB00F9EEDA /* Colors */ = {
			isa = PBXGroup;
			children = (
				DFC9EA17235DFADB00F9EEDA /* colors.xml */,
			);
			path = Colors;
			sourceTree = "<group>";
		};
		DFC9EA1A235DFAE600F9EEDA /* Sources */ = {
			isa = PBXGroup;
			children = (
				DFC9EA25235E04B600F9EEDA /* AssetsImages.swift */,
				DFC9EA20235DFC4000F9EEDA /* Colors.swift */,
				DFC9EA1B235DFAE600F9EEDA /* StringsGen.swift */,
			);
			path = Sources;
			sourceTree = "<group>";
		};
		DFC9EA1D235DFB2E00F9EEDA /* Strings */ = {
			isa = PBXGroup;
			children = (
				DFC9EA1E235DFBEB00F9EEDA /* Localizable.strings */,
			);
			path = Strings;
			sourceTree = "<group>";
		};
		DFC9EA22235E03AB00F9EEDA /* Images */ = {
			isa = PBXGroup;
			children = (
				DFC9EA23235E03D900F9EEDA /* Assets.xcassets */,
			);
			path = Images;
			sourceTree = "<group>";
		};
		DFC9EA27236172FD00F9EEDA /* Module */ = {
			isa = PBXGroup;
			children = (
				DFC9EA282361734A00F9EEDA /* FluxCore */,
			);
			path = Module;
			sourceTree = "<group>";
		};
		DFC9EA282361734A00F9EEDA /* FluxCore */ = {
			isa = PBXGroup;
			children = (
				DFC9EA4623647CCC00F9EEDA /* Action.swift */,
				DFC9EA2A2361735E00F9EEDA /* Dispatcher.swift */,
			);
			path = FluxCore;
			sourceTree = "<group>";
		};
		DFC9EA31236173AD00F9EEDA /* API */ = {
			isa = PBXGroup;
			children = (
				DFC50AA1236C9A50000F7640 /* GithubTrendingAPI */,
				DFC9EA3A2361756C00F9EEDA /* model */,
				DFC9EA32236173C600F9EEDA /* DecodableDataParser.swift */,
				DFC9EA34236173F500F9EEDA /* GitHubAPIRequest.swift */,
				DFC9EA36236174CE00F9EEDA /* FetchRepositoryRequest.swift */,
				DFC9EA382361755E00F9EEDA /* Session.swift */,
			);
			path = API;
			sourceTree = "<group>";
		};
		DFC9EA3A2361756C00F9EEDA /* model */ = {
			isa = PBXGroup;
			children = (
				DFC9EA3B2361757900F9EEDA /* Repository.swift */,
				DFC50A6C2367098D000F7640 /* User.swift */,
				DFC50AA6236C9BD6000F7640 /* TrendRepository.swift */,
			);
			path = model;
			sourceTree = "<group>";
		};
		DFC9EA3F2361760500F9EEDA /* Flux */ = {
			isa = PBXGroup;
			children = (
				DFC9EA4823647E4300F9EEDA /* TestAction.swift */,
				DFC9EA422361784600F9EEDA /* TestActionCreator.swift */,
				DFC9EA44236178F800F9EEDA /* TestStore.swift */,
			);
			path = Flux;
			sourceTree = "<group>";
		};
		F5DA8F04C30DB7AB98A33BA2 /* Frameworks */ = {
			isa = PBXGroup;
			children = (
				F8E5696FD786588640123A97 /* Pods_GithubMVVMFlux.framework */,
				64DE57131FD4DB17E01E486C /* Pods_GithubMVVMFlux_GithubMVVMFluxUITests.framework */,
				83AB967E7C8EAEA5A9D10CE9 /* Pods_GithubMVVMFluxTests.framework */,
			);
			name = Frameworks;
			sourceTree = "<group>";
		};
/* End PBXGroup section */

/* Begin PBXNativeTarget section */
		DFC9E9DF235D505000F9EEDA /* GithubMVVMFlux */ = {
			isa = PBXNativeTarget;
			buildConfigurationList = DFC9EA0A235D505100F9EEDA /* Build configuration list for PBXNativeTarget "GithubMVVMFlux" */;
			buildPhases = (
				73DF82E047EF861D8EF8F4AA /* [CP] Check Pods Manifest.lock */,
				DFC9E9DC235D505000F9EEDA /* Sources */,
				DFC9E9DD235D505000F9EEDA /* Frameworks */,
				DFC9E9DE235D505000F9EEDA /* Resources */,
				B1EE63E5D60EB94C9B8E7B90 /* [CP] Embed Pods Frameworks */,
				DFC9EA13235D5B2000F9EEDA /* Linter */,
			);
			buildRules = (
			);
			dependencies = (
			);
			name = GithubMVVMFlux;
			productName = GithubMVVMFlux;
			productReference = DFC9E9E0235D505000F9EEDA /* GithubMVVMFlux.app */;
			productType = "com.apple.product-type.application";
		};
		DFC9E9F5235D505100F9EEDA /* GithubMVVMFluxTests */ = {
			isa = PBXNativeTarget;
			buildConfigurationList = DFC9EA0D235D505100F9EEDA /* Build configuration list for PBXNativeTarget "GithubMVVMFluxTests" */;
			buildPhases = (
				A16150C6378F2CDBCECA6333 /* [CP] Check Pods Manifest.lock */,
				DFC9E9F2235D505100F9EEDA /* Sources */,
				DFC9E9F3235D505100F9EEDA /* Frameworks */,
				DFC9E9F4235D505100F9EEDA /* Resources */,
			);
			buildRules = (
			);
			dependencies = (
				DFC9E9F8235D505100F9EEDA /* PBXTargetDependency */,
			);
			name = GithubMVVMFluxTests;
			productName = GithubMVVMFluxTests;
			productReference = DFC9E9F6235D505100F9EEDA /* GithubMVVMFluxTests.xctest */;
			productType = "com.apple.product-type.bundle.unit-test";
		};
		DFC9EA00235D505100F9EEDA /* GithubMVVMFluxUITests */ = {
			isa = PBXNativeTarget;
			buildConfigurationList = DFC9EA10235D505100F9EEDA /* Build configuration list for PBXNativeTarget "GithubMVVMFluxUITests" */;
			buildPhases = (
				8F05324DE8731FBF2EB55A6A /* [CP] Check Pods Manifest.lock */,
				DFC9E9FD235D505100F9EEDA /* Sources */,
				DFC9E9FE235D505100F9EEDA /* Frameworks */,
				DFC9E9FF235D505100F9EEDA /* Resources */,
				C04E7E099333517D753819A3 /* [CP] Embed Pods Frameworks */,
			);
			buildRules = (
			);
			dependencies = (
				DFC9EA03235D505100F9EEDA /* PBXTargetDependency */,
			);
			name = GithubMVVMFluxUITests;
			productName = GithubMVVMFluxUITests;
			productReference = DFC9EA01235D505100F9EEDA /* GithubMVVMFluxUITests.xctest */;
			productType = "com.apple.product-type.bundle.ui-testing";
		};
/* End PBXNativeTarget section */

/* Begin PBXProject section */
		DFC9E9D8235D505000F9EEDA /* Project object */ = {
			isa = PBXProject;
			attributes = {
				LastSwiftUpdateCheck = 1110;
				LastUpgradeCheck = 1110;
				ORGANIZATIONNAME = ARATAYOKOYAMA;
				TargetAttributes = {
					DFC9E9DF235D505000F9EEDA = {
						CreatedOnToolsVersion = 11.1;
					};
					DFC9E9F5235D505100F9EEDA = {
						CreatedOnToolsVersion = 11.1;
						TestTargetID = DFC9E9DF235D505000F9EEDA;
					};
					DFC9EA00235D505100F9EEDA = {
						CreatedOnToolsVersion = 11.1;
						TestTargetID = DFC9E9DF235D505000F9EEDA;
					};
				};
			};
			buildConfigurationList = DFC9E9DB235D505000F9EEDA /* Build configuration list for PBXProject "GithubMVVMFlux" */;
			compatibilityVersion = "Xcode 9.3";
			developmentRegion = en;
			hasScannedForEncodings = 0;
			knownRegions = (
				en,
				Base,
			);
			mainGroup = DFC9E9D7235D505000F9EEDA;
			productRefGroup = DFC9E9E1235D505000F9EEDA /* Products */;
			projectDirPath = "";
			projectRoot = "";
			targets = (
				DFC9E9DF235D505000F9EEDA /* GithubMVVMFlux */,
				DFC9E9F5235D505100F9EEDA /* GithubMVVMFluxTests */,
				DFC9EA00235D505100F9EEDA /* GithubMVVMFluxUITests */,
			);
		};
/* End PBXProject section */

/* Begin PBXResourcesBuildPhase section */
		DFC9E9DE235D505000F9EEDA /* Resources */ = {
			isa = PBXResourcesBuildPhase;
			buildActionMask = 2147483647;
			files = (
				DFC50A9A23687A59000F7640 /* Trend.storyboard in Resources */,
				DFC50A6B2365F002000F7640 /* Main.storyboard in Resources */,
				DFC9EA1F235DFBEB00F9EEDA /* Localizable.strings in Resources */,
				DFC9EA19235DFADB00F9EEDA /* colors.xml in Resources */,
				DFC9E9F0235D505100F9EEDA /* LaunchScreen.storyboard in Resources */,
				DFC50A9323687A01000F7640 /* Search.storyboard in Resources */,
				DFC50A9023673E99000F7640 /* Repository.storyboard in Resources */,
				DFC9EA24235E03D900F9EEDA /* Assets.xcassets in Resources */,
				DFC9EA512365E4CC00F9EEDA /* Favorate.storyboard in Resources */,
				DF86EB3F236CF55600F11537 /* TrendTableViewCell.xib in Resources */,
				DFC9EA4F236579D400F9EEDA /* GoogleService-Info.plist in Resources */,
			);
			runOnlyForDeploymentPostprocessing = 0;
		};
		DFC9E9F4235D505100F9EEDA /* Resources */ = {
			isa = PBXResourcesBuildPhase;
			buildActionMask = 2147483647;
			files = (
			);
			runOnlyForDeploymentPostprocessing = 0;
		};
		DFC9E9FF235D505100F9EEDA /* Resources */ = {
			isa = PBXResourcesBuildPhase;
			buildActionMask = 2147483647;
			files = (
			);
			runOnlyForDeploymentPostprocessing = 0;
		};
/* End PBXResourcesBuildPhase section */

/* Begin PBXShellScriptBuildPhase section */
		73DF82E047EF861D8EF8F4AA /* [CP] Check Pods Manifest.lock */ = {
			isa = PBXShellScriptBuildPhase;
			buildActionMask = 2147483647;
			files = (
			);
			inputFileListPaths = (
			);
			inputPaths = (
				"${PODS_PODFILE_DIR_PATH}/Podfile.lock",
				"${PODS_ROOT}/Manifest.lock",
			);
			name = "[CP] Check Pods Manifest.lock";
			outputFileListPaths = (
			);
			outputPaths = (
				"$(DERIVED_FILE_DIR)/Pods-GithubMVVMFlux-checkManifestLockResult.txt",
			);
			runOnlyForDeploymentPostprocessing = 0;
			shellPath = /bin/sh;
			shellScript = "diff \"${PODS_PODFILE_DIR_PATH}/Podfile.lock\" \"${PODS_ROOT}/Manifest.lock\" > /dev/null\nif [ $? != 0 ] ; then\n    # print error to STDERR\n    echo \"error: The sandbox is not in sync with the Podfile.lock. Run 'pod install' or update your CocoaPods installation.\" >&2\n    exit 1\nfi\n# This output is used by Xcode 'outputs' to avoid re-running this script phase.\necho \"SUCCESS\" > \"${SCRIPT_OUTPUT_FILE_0}\"\n";
			showEnvVarsInLog = 0;
		};
		8F05324DE8731FBF2EB55A6A /* [CP] Check Pods Manifest.lock */ = {
			isa = PBXShellScriptBuildPhase;
			buildActionMask = 2147483647;
			files = (
			);
			inputFileListPaths = (
			);
			inputPaths = (
				"${PODS_PODFILE_DIR_PATH}/Podfile.lock",
				"${PODS_ROOT}/Manifest.lock",
			);
			name = "[CP] Check Pods Manifest.lock";
			outputFileListPaths = (
			);
			outputPaths = (
				"$(DERIVED_FILE_DIR)/Pods-GithubMVVMFlux-GithubMVVMFluxUITests-checkManifestLockResult.txt",
			);
			runOnlyForDeploymentPostprocessing = 0;
			shellPath = /bin/sh;
			shellScript = "diff \"${PODS_PODFILE_DIR_PATH}/Podfile.lock\" \"${PODS_ROOT}/Manifest.lock\" > /dev/null\nif [ $? != 0 ] ; then\n    # print error to STDERR\n    echo \"error: The sandbox is not in sync with the Podfile.lock. Run 'pod install' or update your CocoaPods installation.\" >&2\n    exit 1\nfi\n# This output is used by Xcode 'outputs' to avoid re-running this script phase.\necho \"SUCCESS\" > \"${SCRIPT_OUTPUT_FILE_0}\"\n";
			showEnvVarsInLog = 0;
		};
		A16150C6378F2CDBCECA6333 /* [CP] Check Pods Manifest.lock */ = {
			isa = PBXShellScriptBuildPhase;
			buildActionMask = 2147483647;
			files = (
			);
			inputFileListPaths = (
			);
			inputPaths = (
				"${PODS_PODFILE_DIR_PATH}/Podfile.lock",
				"${PODS_ROOT}/Manifest.lock",
			);
			name = "[CP] Check Pods Manifest.lock";
			outputFileListPaths = (
			);
			outputPaths = (
				"$(DERIVED_FILE_DIR)/Pods-GithubMVVMFluxTests-checkManifestLockResult.txt",
			);
			runOnlyForDeploymentPostprocessing = 0;
			shellPath = /bin/sh;
			shellScript = "diff \"${PODS_PODFILE_DIR_PATH}/Podfile.lock\" \"${PODS_ROOT}/Manifest.lock\" > /dev/null\nif [ $? != 0 ] ; then\n    # print error to STDERR\n    echo \"error: The sandbox is not in sync with the Podfile.lock. Run 'pod install' or update your CocoaPods installation.\" >&2\n    exit 1\nfi\n# This output is used by Xcode 'outputs' to avoid re-running this script phase.\necho \"SUCCESS\" > \"${SCRIPT_OUTPUT_FILE_0}\"\n";
			showEnvVarsInLog = 0;
		};
		B1EE63E5D60EB94C9B8E7B90 /* [CP] Embed Pods Frameworks */ = {
			isa = PBXShellScriptBuildPhase;
			buildActionMask = 2147483647;
			files = (
			);
			inputFileListPaths = (
				"${PODS_ROOT}/Target Support Files/Pods-GithubMVVMFlux/Pods-GithubMVVMFlux-frameworks-${CONFIGURATION}-input-files.xcfilelist",
			);
			name = "[CP] Embed Pods Frameworks";
			outputFileListPaths = (
				"${PODS_ROOT}/Target Support Files/Pods-GithubMVVMFlux/Pods-GithubMVVMFlux-frameworks-${CONFIGURATION}-output-files.xcfilelist",
			);
			runOnlyForDeploymentPostprocessing = 0;
			shellPath = /bin/sh;
			shellScript = "\"${PODS_ROOT}/Target Support Files/Pods-GithubMVVMFlux/Pods-GithubMVVMFlux-frameworks.sh\"\n";
			showEnvVarsInLog = 0;
		};
		C04E7E099333517D753819A3 /* [CP] Embed Pods Frameworks */ = {
			isa = PBXShellScriptBuildPhase;
			buildActionMask = 2147483647;
			files = (
			);
			inputFileListPaths = (
				"${PODS_ROOT}/Target Support Files/Pods-GithubMVVMFlux-GithubMVVMFluxUITests/Pods-GithubMVVMFlux-GithubMVVMFluxUITests-frameworks-${CONFIGURATION}-input-files.xcfilelist",
			);
			name = "[CP] Embed Pods Frameworks";
			outputFileListPaths = (
				"${PODS_ROOT}/Target Support Files/Pods-GithubMVVMFlux-GithubMVVMFluxUITests/Pods-GithubMVVMFlux-GithubMVVMFluxUITests-frameworks-${CONFIGURATION}-output-files.xcfilelist",
			);
			runOnlyForDeploymentPostprocessing = 0;
			shellPath = /bin/sh;
			shellScript = "\"${PODS_ROOT}/Target Support Files/Pods-GithubMVVMFlux-GithubMVVMFluxUITests/Pods-GithubMVVMFlux-GithubMVVMFluxUITests-frameworks.sh\"\n";
			showEnvVarsInLog = 0;
		};
		DFC9EA13235D5B2000F9EEDA /* Linter */ = {
			isa = PBXShellScriptBuildPhase;
			buildActionMask = 2147483647;
			files = (
			);
			inputFileListPaths = (
			);
			inputPaths = (
			);
			name = Linter;
			outputFileListPaths = (
			);
			outputPaths = (
			);
			runOnlyForDeploymentPostprocessing = 0;
			shellPath = /bin/sh;
			shellScript = "# Type a script or drag a script file from your workspace to insert its path.\nif which \"${PODS_ROOT}/SwiftLint/swiftlint\" >/dev/null; then\n${PODS_ROOT}/SwiftLint/swiftlint autocorrect --format\n${PODS_ROOT}/SwiftLint/swiftlint\nelse\necho \"warning: SwiftLint not installed, download from https://github.com/realm/SwiftLint\"\nfi\n";
		};
/* End PBXShellScriptBuildPhase section */

/* Begin PBXSourcesBuildPhase section */
		DFC9E9DC235D505000F9EEDA /* Sources */ = {
			isa = PBXSourcesBuildPhase;
			buildActionMask = 2147483647;
			files = (
				DFC9EA392361755E00F9EEDA /* Session.swift in Sources */,
				DFC50AA5236C9B13000F7640 /* FetchTrendRepositoreis.swift in Sources */,
				DFC50A8823673647000F7640 /* TabBarController.swift in Sources */,
				DFC9E9E8235D505000F9EEDA /* ViewController.swift in Sources */,
				DFC50A7523670FDE000F7640 /* CheckAuthViewModel.swift in Sources */,
				DFC50A7E236728EA000F7640 /* CheckAuthStore.swift in Sources */,
				DFC9EA3C2361757900F9EEDA /* Repository.swift in Sources */,
				DFC9EA21235DFC4000F9EEDA /* Colors.swift in Sources */,
				DFC9EA2E2361735E00F9EEDA /* Dispatcher.swift in Sources */,
				DFC50A8123672A86000F7640 /* ObservableType.filterNil.swift in Sources */,
				DFC9EA4723647CCC00F9EEDA /* Action.swift in Sources */,
				DF86EB37236CE9A800F11537 /* TrendAction.swift in Sources */,
				DFC9E9E4235D505000F9EEDA /* AppDelegate.swift in Sources */,
				DFC9EA45236178F800F9EEDA /* TestStore.swift in Sources */,
				DF86EB41236CF89400F11537 /* UITableView+Register.swift in Sources */,
				DFC50A7A23671121000F7640 /* CheckAuthActionCreator.swift in Sources */,
				DFC50A8B23673796000F7640 /* RepositoryViewController.swift in Sources */,
				DFC9EA37236174CE00F9EEDA /* FetchRepositoryRequest.swift in Sources */,
				DF86EB39236CE9B500F11537 /* TrendActionCreator.swift in Sources */,
				DF86EB47236CF8C800F11537 /* NSObject+ClassName.swift in Sources */,
				DFC50A8323673380000F7640 /* LoginViewController.swift in Sources */,
				DF86EB3B236CE9C500F11537 /* TrendStore.swift in Sources */,
				DFC9E9E6235D505000F9EEDA /* SceneDelegate.swift in Sources */,
				DF86EB43236CF8A200F11537 /* UICollectionView+Register.swift in Sources */,
				DFC50A78236710A6000F7640 /* CheckAuthAction.swift in Sources */,
				DFC50AA7236C9BD6000F7640 /* TrendRepository.swift in Sources */,
				DF86EB35236CE99200F11537 /* TrendViewModel.swift in Sources */,
				DF86EB45236CF8AE00F11537 /* String+URL.swift in Sources */,
				DFC50A8E23673E19000F7640 /* FavorateViewController.swift in Sources */,
				DFAA8DAE2376E5B7004264E1 /* UIColor.swift in Sources */,
				DFC9EA432361784600F9EEDA /* TestActionCreator.swift in Sources */,
				DFC9EA3E236175F500F9EEDA /* TestViewModel.swift in Sources */,
				DFC9EA35236173F500F9EEDA /* GitHubAPIRequest.swift in Sources */,
				DFC50A9823687A4C000F7640 /* TrendViewController.swift in Sources */,
				DFC9EA33236173C600F9EEDA /* DecodableDataParser.swift in Sources */,
				DFC50A6D2367098D000F7640 /* User.swift in Sources */,
				DFC9EA26235E04B600F9EEDA /* AssetsImages.swift in Sources */,
				DFC50AA3236C9AC5000F7640 /* GithubTrendingAPIRequest.swift in Sources */,
				DFC9EA4923647E4300F9EEDA /* TestAction.swift in Sources */,
				DFC50A7223670F53000F7640 /* LoginViewModel.swift in Sources */,
				DF86EB3E236CF55600F11537 /* TrendTableViewCell.swift in Sources */,
				DFC9EA1C235DFAE600F9EEDA /* StringsGen.swift in Sources */,
				DFC50A9D23687F3A000F7640 /* RepositoryFavoratePageViewController.swift in Sources */,
				DFC50A9523687A12000F7640 /* SearchViewController.swift in Sources */,
			);
			runOnlyForDeploymentPostprocessing = 0;
		};
		DFC9E9F2235D505100F9EEDA /* Sources */ = {
			isa = PBXSourcesBuildPhase;
			buildActionMask = 2147483647;
			files = (
				DFC9E9FB235D505100F9EEDA /* GithubMVVMFluxTests.swift in Sources */,
				DFC9EA4D2364867E00F9EEDA /* TestViewFluxTest.swift in Sources */,
			);
			runOnlyForDeploymentPostprocessing = 0;
		};
		DFC9E9FD235D505100F9EEDA /* Sources */ = {
			isa = PBXSourcesBuildPhase;
			buildActionMask = 2147483647;
			files = (
				DFC9EA06235D505100F9EEDA /* GithubMVVMFluxUITests.swift in Sources */,
			);
			runOnlyForDeploymentPostprocessing = 0;
		};
/* End PBXSourcesBuildPhase section */

/* Begin PBXTargetDependency section */
		DFC9E9F8235D505100F9EEDA /* PBXTargetDependency */ = {
			isa = PBXTargetDependency;
			target = DFC9E9DF235D505000F9EEDA /* GithubMVVMFlux */;
			targetProxy = DFC9E9F7235D505100F9EEDA /* PBXContainerItemProxy */;
		};
		DFC9EA03235D505100F9EEDA /* PBXTargetDependency */ = {
			isa = PBXTargetDependency;
			target = DFC9E9DF235D505000F9EEDA /* GithubMVVMFlux */;
			targetProxy = DFC9EA02235D505100F9EEDA /* PBXContainerItemProxy */;
		};
/* End PBXTargetDependency section */

/* Begin PBXVariantGroup section */
		DFC50A692365F001000F7640 /* Main.storyboard */ = {
			isa = PBXVariantGroup;
			children = (
				DFC50A6A2365F001000F7640 /* Base */,
			);
			name = Main.storyboard;
			sourceTree = "<group>";
		};
		DFC9E9EE235D505100F9EEDA /* LaunchScreen.storyboard */ = {
			isa = PBXVariantGroup;
			children = (
				DFC9E9EF235D505100F9EEDA /* Base */,
			);
			name = LaunchScreen.storyboard;
			sourceTree = "<group>";
		};
/* End PBXVariantGroup section */

/* Begin XCBuildConfiguration section */
		DFC9EA08235D505100F9EEDA /* Debug */ = {
			isa = XCBuildConfiguration;
			buildSettings = {
				ALWAYS_SEARCH_USER_PATHS = NO;
				CLANG_ANALYZER_NONNULL = YES;
				CLANG_ANALYZER_NUMBER_OBJECT_CONVERSION = YES_AGGRESSIVE;
				CLANG_CXX_LANGUAGE_STANDARD = "gnu++14";
				CLANG_CXX_LIBRARY = "libc++";
				CLANG_ENABLE_MODULES = YES;
				CLANG_ENABLE_OBJC_ARC = YES;
				CLANG_ENABLE_OBJC_WEAK = YES;
				CLANG_WARN_BLOCK_CAPTURE_AUTORELEASING = YES;
				CLANG_WARN_BOOL_CONVERSION = YES;
				CLANG_WARN_COMMA = YES;
				CLANG_WARN_CONSTANT_CONVERSION = YES;
				CLANG_WARN_DEPRECATED_OBJC_IMPLEMENTATIONS = YES;
				CLANG_WARN_DIRECT_OBJC_ISA_USAGE = YES_ERROR;
				CLANG_WARN_DOCUMENTATION_COMMENTS = YES;
				CLANG_WARN_EMPTY_BODY = YES;
				CLANG_WARN_ENUM_CONVERSION = YES;
				CLANG_WARN_INFINITE_RECURSION = YES;
				CLANG_WARN_INT_CONVERSION = YES;
				CLANG_WARN_NON_LITERAL_NULL_CONVERSION = YES;
				CLANG_WARN_OBJC_IMPLICIT_RETAIN_SELF = YES;
				CLANG_WARN_OBJC_LITERAL_CONVERSION = YES;
				CLANG_WARN_OBJC_ROOT_CLASS = YES_ERROR;
				CLANG_WARN_RANGE_LOOP_ANALYSIS = YES;
				CLANG_WARN_STRICT_PROTOTYPES = YES;
				CLANG_WARN_SUSPICIOUS_MOVE = YES;
				CLANG_WARN_UNGUARDED_AVAILABILITY = YES_AGGRESSIVE;
				CLANG_WARN_UNREACHABLE_CODE = YES;
				CLANG_WARN__DUPLICATE_METHOD_MATCH = YES;
				COPY_PHASE_STRIP = NO;
				DEBUG_INFORMATION_FORMAT = dwarf;
				ENABLE_STRICT_OBJC_MSGSEND = YES;
				ENABLE_TESTABILITY = YES;
				GCC_C_LANGUAGE_STANDARD = gnu11;
				GCC_DYNAMIC_NO_PIC = NO;
				GCC_NO_COMMON_BLOCKS = YES;
				GCC_OPTIMIZATION_LEVEL = 0;
				GCC_PREPROCESSOR_DEFINITIONS = (
					"DEBUG=1",
					"$(inherited)",
				);
				GCC_WARN_64_TO_32_BIT_CONVERSION = YES;
				GCC_WARN_ABOUT_RETURN_TYPE = YES_ERROR;
				GCC_WARN_UNDECLARED_SELECTOR = YES;
				GCC_WARN_UNINITIALIZED_AUTOS = YES_AGGRESSIVE;
				GCC_WARN_UNUSED_FUNCTION = YES;
				GCC_WARN_UNUSED_VARIABLE = YES;
				IPHONEOS_DEPLOYMENT_TARGET = 13.1;
				MTL_ENABLE_DEBUG_INFO = INCLUDE_SOURCE;
				MTL_FAST_MATH = YES;
				ONLY_ACTIVE_ARCH = YES;
				SDKROOT = iphoneos;
				SWIFT_ACTIVE_COMPILATION_CONDITIONS = DEBUG;
				SWIFT_OPTIMIZATION_LEVEL = "-Onone";
			};
			name = Debug;
		};
		DFC9EA09235D505100F9EEDA /* Release */ = {
			isa = XCBuildConfiguration;
			buildSettings = {
				ALWAYS_SEARCH_USER_PATHS = NO;
				CLANG_ANALYZER_NONNULL = YES;
				CLANG_ANALYZER_NUMBER_OBJECT_CONVERSION = YES_AGGRESSIVE;
				CLANG_CXX_LANGUAGE_STANDARD = "gnu++14";
				CLANG_CXX_LIBRARY = "libc++";
				CLANG_ENABLE_MODULES = YES;
				CLANG_ENABLE_OBJC_ARC = YES;
				CLANG_ENABLE_OBJC_WEAK = YES;
				CLANG_WARN_BLOCK_CAPTURE_AUTORELEASING = YES;
				CLANG_WARN_BOOL_CONVERSION = YES;
				CLANG_WARN_COMMA = YES;
				CLANG_WARN_CONSTANT_CONVERSION = YES;
				CLANG_WARN_DEPRECATED_OBJC_IMPLEMENTATIONS = YES;
				CLANG_WARN_DIRECT_OBJC_ISA_USAGE = YES_ERROR;
				CLANG_WARN_DOCUMENTATION_COMMENTS = YES;
				CLANG_WARN_EMPTY_BODY = YES;
				CLANG_WARN_ENUM_CONVERSION = YES;
				CLANG_WARN_INFINITE_RECURSION = YES;
				CLANG_WARN_INT_CONVERSION = YES;
				CLANG_WARN_NON_LITERAL_NULL_CONVERSION = YES;
				CLANG_WARN_OBJC_IMPLICIT_RETAIN_SELF = YES;
				CLANG_WARN_OBJC_LITERAL_CONVERSION = YES;
				CLANG_WARN_OBJC_ROOT_CLASS = YES_ERROR;
				CLANG_WARN_RANGE_LOOP_ANALYSIS = YES;
				CLANG_WARN_STRICT_PROTOTYPES = YES;
				CLANG_WARN_SUSPICIOUS_MOVE = YES;
				CLANG_WARN_UNGUARDED_AVAILABILITY = YES_AGGRESSIVE;
				CLANG_WARN_UNREACHABLE_CODE = YES;
				CLANG_WARN__DUPLICATE_METHOD_MATCH = YES;
				COPY_PHASE_STRIP = NO;
				DEBUG_INFORMATION_FORMAT = "dwarf-with-dsym";
				ENABLE_NS_ASSERTIONS = NO;
				ENABLE_STRICT_OBJC_MSGSEND = YES;
				GCC_C_LANGUAGE_STANDARD = gnu11;
				GCC_NO_COMMON_BLOCKS = YES;
				GCC_WARN_64_TO_32_BIT_CONVERSION = YES;
				GCC_WARN_ABOUT_RETURN_TYPE = YES_ERROR;
				GCC_WARN_UNDECLARED_SELECTOR = YES;
				GCC_WARN_UNINITIALIZED_AUTOS = YES_AGGRESSIVE;
				GCC_WARN_UNUSED_FUNCTION = YES;
				GCC_WARN_UNUSED_VARIABLE = YES;
				IPHONEOS_DEPLOYMENT_TARGET = 13.1;
				MTL_ENABLE_DEBUG_INFO = NO;
				MTL_FAST_MATH = YES;
				SDKROOT = iphoneos;
				SWIFT_COMPILATION_MODE = wholemodule;
				SWIFT_OPTIMIZATION_LEVEL = "-O";
				VALIDATE_PRODUCT = YES;
			};
			name = Release;
		};
		DFC9EA0B235D505100F9EEDA /* Debug */ = {
			isa = XCBuildConfiguration;
			baseConfigurationReference = 59CEB2D12EECC04956ADECD3 /* Pods-GithubMVVMFlux.debug.xcconfig */;
			buildSettings = {
				ASSETCATALOG_COMPILER_APPICON_NAME = AppIcon;
				CODE_SIGN_STYLE = Automatic;
				DEVELOPMENT_TEAM = 634QW7RT8Y;
				INFOPLIST_FILE = GithubMVVMFlux/Info.plist;
				IPHONEOS_DEPLOYMENT_TARGET = 13.1;
				LD_RUNPATH_SEARCH_PATHS = (
					"$(inherited)",
					"@executable_path/Frameworks",
				);
				PRODUCT_BUNDLE_IDENTIFIER = ARATAYOKOYAMA.GithubMVVMFlux;
				PRODUCT_NAME = "$(TARGET_NAME)";
				SWIFT_VERSION = 5.0;
				TARGETED_DEVICE_FAMILY = "1,2";
			};
			name = Debug;
		};
		DFC9EA0C235D505100F9EEDA /* Release */ = {
			isa = XCBuildConfiguration;
			baseConfigurationReference = 6075E568E7F8407DFDA1E14B /* Pods-GithubMVVMFlux.release.xcconfig */;
			buildSettings = {
				ASSETCATALOG_COMPILER_APPICON_NAME = AppIcon;
				CODE_SIGN_STYLE = Automatic;
				DEVELOPMENT_TEAM = 634QW7RT8Y;
				INFOPLIST_FILE = GithubMVVMFlux/Info.plist;
				IPHONEOS_DEPLOYMENT_TARGET = 13.1;
				LD_RUNPATH_SEARCH_PATHS = (
					"$(inherited)",
					"@executable_path/Frameworks",
				);
				PRODUCT_BUNDLE_IDENTIFIER = ARATAYOKOYAMA.GithubMVVMFlux;
				PRODUCT_NAME = "$(TARGET_NAME)";
				SWIFT_VERSION = 5.0;
				TARGETED_DEVICE_FAMILY = "1,2";
			};
			name = Release;
		};
		DFC9EA0E235D505100F9EEDA /* Debug */ = {
			isa = XCBuildConfiguration;
			baseConfigurationReference = 15E3DA4E14F8CD89423CC611 /* Pods-GithubMVVMFluxTests.debug.xcconfig */;
			buildSettings = {
				ALWAYS_EMBED_SWIFT_STANDARD_LIBRARIES = YES;
				BUNDLE_LOADER = "$(TEST_HOST)";
				CODE_SIGN_STYLE = Automatic;
				DEVELOPMENT_TEAM = 634QW7RT8Y;
				INFOPLIST_FILE = GithubMVVMFluxTests/Info.plist;
				IPHONEOS_DEPLOYMENT_TARGET = 13.1;
				LD_RUNPATH_SEARCH_PATHS = (
					"$(inherited)",
					"@executable_path/Frameworks",
					"@loader_path/Frameworks",
				);
				PRODUCT_BUNDLE_IDENTIFIER = ARATAYOKOYAMA.GithubMVVMFluxTests;
				PRODUCT_NAME = "$(TARGET_NAME)";
				SWIFT_VERSION = 5.0;
				TARGETED_DEVICE_FAMILY = "1,2";
				TEST_HOST = "$(BUILT_PRODUCTS_DIR)/GithubMVVMFlux.app/GithubMVVMFlux";
			};
			name = Debug;
		};
		DFC9EA0F235D505100F9EEDA /* Release */ = {
			isa = XCBuildConfiguration;
			baseConfigurationReference = 3EE3900F9224E3BF46E88334 /* Pods-GithubMVVMFluxTests.release.xcconfig */;
			buildSettings = {
				ALWAYS_EMBED_SWIFT_STANDARD_LIBRARIES = YES;
				BUNDLE_LOADER = "$(TEST_HOST)";
				CODE_SIGN_STYLE = Automatic;
				DEVELOPMENT_TEAM = 634QW7RT8Y;
				INFOPLIST_FILE = GithubMVVMFluxTests/Info.plist;
				IPHONEOS_DEPLOYMENT_TARGET = 13.1;
				LD_RUNPATH_SEARCH_PATHS = (
					"$(inherited)",
					"@executable_path/Frameworks",
					"@loader_path/Frameworks",
				);
				PRODUCT_BUNDLE_IDENTIFIER = ARATAYOKOYAMA.GithubMVVMFluxTests;
				PRODUCT_NAME = "$(TARGET_NAME)";
				SWIFT_VERSION = 5.0;
				TARGETED_DEVICE_FAMILY = "1,2";
				TEST_HOST = "$(BUILT_PRODUCTS_DIR)/GithubMVVMFlux.app/GithubMVVMFlux";
			};
			name = Release;
		};
		DFC9EA11235D505100F9EEDA /* Debug */ = {
			isa = XCBuildConfiguration;
			baseConfigurationReference = 2F26BFA88728EE323EA1161C /* Pods-GithubMVVMFlux-GithubMVVMFluxUITests.debug.xcconfig */;
			buildSettings = {
				ALWAYS_EMBED_SWIFT_STANDARD_LIBRARIES = YES;
				CODE_SIGN_STYLE = Automatic;
				DEVELOPMENT_TEAM = 634QW7RT8Y;
				INFOPLIST_FILE = GithubMVVMFluxUITests/Info.plist;
				LD_RUNPATH_SEARCH_PATHS = (
					"$(inherited)",
					"@executable_path/Frameworks",
					"@loader_path/Frameworks",
				);
				PRODUCT_BUNDLE_IDENTIFIER = ARATAYOKOYAMA.GithubMVVMFluxUITests;
				PRODUCT_NAME = "$(TARGET_NAME)";
				SWIFT_VERSION = 5.0;
				TARGETED_DEVICE_FAMILY = "1,2";
				TEST_TARGET_NAME = GithubMVVMFlux;
			};
			name = Debug;
		};
		DFC9EA12235D505100F9EEDA /* Release */ = {
			isa = XCBuildConfiguration;
			baseConfigurationReference = 3C6F55697FAA1B7356A6530E /* Pods-GithubMVVMFlux-GithubMVVMFluxUITests.release.xcconfig */;
			buildSettings = {
				ALWAYS_EMBED_SWIFT_STANDARD_LIBRARIES = YES;
				CODE_SIGN_STYLE = Automatic;
				DEVELOPMENT_TEAM = 634QW7RT8Y;
				INFOPLIST_FILE = GithubMVVMFluxUITests/Info.plist;
				LD_RUNPATH_SEARCH_PATHS = (
					"$(inherited)",
					"@executable_path/Frameworks",
					"@loader_path/Frameworks",
				);
				PRODUCT_BUNDLE_IDENTIFIER = ARATAYOKOYAMA.GithubMVVMFluxUITests;
				PRODUCT_NAME = "$(TARGET_NAME)";
				SWIFT_VERSION = 5.0;
				TARGETED_DEVICE_FAMILY = "1,2";
				TEST_TARGET_NAME = GithubMVVMFlux;
			};
			name = Release;
		};
/* End XCBuildConfiguration section */

/* Begin XCConfigurationList section */
		DFC9E9DB235D505000F9EEDA /* Build configuration list for PBXProject "GithubMVVMFlux" */ = {
			isa = XCConfigurationList;
			buildConfigurations = (
				DFC9EA08235D505100F9EEDA /* Debug */,
				DFC9EA09235D505100F9EEDA /* Release */,
			);
			defaultConfigurationIsVisible = 0;
			defaultConfigurationName = Release;
		};
		DFC9EA0A235D505100F9EEDA /* Build configuration list for PBXNativeTarget "GithubMVVMFlux" */ = {
			isa = XCConfigurationList;
			buildConfigurations = (
				DFC9EA0B235D505100F9EEDA /* Debug */,
				DFC9EA0C235D505100F9EEDA /* Release */,
			);
			defaultConfigurationIsVisible = 0;
			defaultConfigurationName = Release;
		};
		DFC9EA0D235D505100F9EEDA /* Build configuration list for PBXNativeTarget "GithubMVVMFluxTests" */ = {
			isa = XCConfigurationList;
			buildConfigurations = (
				DFC9EA0E235D505100F9EEDA /* Debug */,
				DFC9EA0F235D505100F9EEDA /* Release */,
			);
			defaultConfigurationIsVisible = 0;
			defaultConfigurationName = Release;
		};
		DFC9EA10235D505100F9EEDA /* Build configuration list for PBXNativeTarget "GithubMVVMFluxUITests" */ = {
			isa = XCConfigurationList;
			buildConfigurations = (
				DFC9EA11235D505100F9EEDA /* Debug */,
				DFC9EA12235D505100F9EEDA /* Release */,
			);
			defaultConfigurationIsVisible = 0;
			defaultConfigurationName = Release;
		};
/* End XCConfigurationList section */
	};
	rootObject = DFC9E9D8235D505000F9EEDA /* Project object */;
}
